
Microsoft Visual Studio Solution File, Format Version 12.00
# Visual Studio Version 16
VisualStudioVersion = 16.0.30804.86
MinimumVisualStudioVersion = 10.0.40219.1
Project("{FAE04EC0-301F-11D3-BF4B-00C04F79EFBC}") = "Jz.IdServer", "Jz.IdServer\Jz.IdServer.csproj", "{45FD1778-9EC7-4DD0-9EFB-11C6EB30635E}"
EndProject
Global
	GlobalSection(SolutionConfigurationPlatforms) = preSolution
		Debug|Any CPU = Debug|Any CPU
		Release|Any CPU = Release|Any CPU
	EndGlobalSection
	GlobalSection(ProjectConfigurationPlatforms) = postSolution
		{45FD1778-9EC7-4DD0-9EFB-11C6EB30635E}.Debug|Any CPU.ActiveCfg = Debug|Any CPU
		{45FD1778-9EC7-4DD0-9EFB-11C6EB30635E}.Debug|Any CPU.Build.0 = Debug|Any CPU
		{45FD1778-9EC7-4DD0-9EFB-11C6EB30635E}.Release|Any CPU.ActiveCfg = Release|Any CPU
		{45FD1778-9EC7-4DD0-9EFB-11C6EB30635E}.Release|Any CPU.Build.0 = Release|Any CPU
	EndGlobalSection
	GlobalSection(SolutionProperties) = preSolution
		HideSolutionNode = FALSE
	EndGlobalSection
	GlobalSection(ExtensibilityGlobals) = postSolution
		SolutionGuid = {2B333F54-94FF-498A-9A49-3D417AD4434E}
	EndGlobalSection
EndGlobal
