
Microsoft Visual Studio Solution File, Format Version 12.00
# Visual Studio Version 16
VisualStudioVersion = 16.0.30804.86
MinimumVisualStudioVersion = 10.0.40219.1
Project("{9A19103F-16F7-4668-BE54-9A1E7A4F7556}") = "DistributedCache.App1", "DistributedCache.App1\DistributedCache.App1.csproj", "{595F902E-0C3D-4BFC-9552-799C5A034C7C}"
EndProject
Project("{FAE04EC0-301F-11D3-BF4B-00C04F79EFBC}") = "DistributedCache.App2", "DistributedCache.App2\DistributedCache.App2.csproj", "{71C1BC82-7C67-40B4-9A1F-4B3402E8B5E2}"
EndProject
Global
	GlobalSection(SolutionConfigurationPlatforms) = preSolution
		Debug|Any CPU = Debug|Any CPU
		Release|Any CPU = Release|Any CPU
	EndGlobalSection
	GlobalSection(ProjectConfigurationPlatforms) = postSolution
		{595F902E-0C3D-4BFC-9552-799C5A034C7C}.Debug|Any CPU.ActiveCfg = Debug|Any CPU
		{595F902E-0C3D-4BFC-9552-799C5A034C7C}.Debug|Any CPU.Build.0 = Debug|Any CPU
		{595F902E-0C3D-4BFC-9552-799C5A034C7C}.Release|Any CPU.ActiveCfg = Release|Any CPU
		{595F902E-0C3D-4BFC-9552-799C5A034C7C}.Release|Any CPU.Build.0 = Release|Any CPU
		{71C1BC82-7C67-40B4-9A1F-4B3402E8B5E2}.Debug|Any CPU.ActiveCfg = Debug|Any CPU
		{71C1BC82-7C67-40B4-9A1F-4B3402E8B5E2}.Debug|Any CPU.Build.0 = Debug|Any CPU
		{71C1BC82-7C67-40B4-9A1F-4B3402E8B5E2}.Release|Any CPU.ActiveCfg = Release|Any CPU
		{71C1BC82-7C67-40B4-9A1F-4B3402E8B5E2}.Release|Any CPU.Build.0 = Release|Any CPU
	EndGlobalSection
	GlobalSection(SolutionProperties) = preSolution
		HideSolutionNode = FALSE
	EndGlobalSection
	GlobalSection(ExtensibilityGlobals) = postSolution
		SolutionGuid = {CE7989B1-FD01-457B-B7D6-A93AD1B5961E}
	EndGlobalSection
EndGlobal
