
Microsoft Visual Studio Solution File, Format Version 12.00
# Visual Studio Version 16
VisualStudioVersion = 16.0.30804.86
MinimumVisualStudioVersion = 10.0.40219.1
Project("{9A19103F-16F7-4668-BE54-9A1E7A4F7556}") = "Database.Basic", "Database.Basic\Database.Basic.csproj", "{ABF594A1-386A-4F5A-87FD-7E3BFA0EDE00}"
EndProject
Project("{FAE04EC0-301F-11D3-BF4B-00C04F79EFBC}") = "Database.ModelBase", "Database.ModelBase\Database.ModelBase.csproj", "{39A202A6-3A61-4744-9277-C1A9D5D7B5DF}"
EndProject
Global
	GlobalSection(SolutionConfigurationPlatforms) = preSolution
		Debug|Any CPU = Debug|Any CPU
		Release|Any CPU = Release|Any CPU
	EndGlobalSection
	GlobalSection(ProjectConfigurationPlatforms) = postSolution
		{ABF594A1-386A-4F5A-87FD-7E3BFA0EDE00}.Debug|Any CPU.ActiveCfg = Debug|Any CPU
		{ABF594A1-386A-4F5A-87FD-7E3BFA0EDE00}.Debug|Any CPU.Build.0 = Debug|Any CPU
		{ABF594A1-386A-4F5A-87FD-7E3BFA0EDE00}.Release|Any CPU.ActiveCfg = Release|Any CPU
		{ABF594A1-386A-4F5A-87FD-7E3BFA0EDE00}.Release|Any CPU.Build.0 = Release|Any CPU
		{39A202A6-3A61-4744-9277-C1A9D5D7B5DF}.Debug|Any CPU.ActiveCfg = Debug|Any CPU
		{39A202A6-3A61-4744-9277-C1A9D5D7B5DF}.Debug|Any CPU.Build.0 = Debug|Any CPU
		{39A202A6-3A61-4744-9277-C1A9D5D7B5DF}.Release|Any CPU.ActiveCfg = Release|Any CPU
		{39A202A6-3A61-4744-9277-C1A9D5D7B5DF}.Release|Any CPU.Build.0 = Release|Any CPU
	EndGlobalSection
	GlobalSection(SolutionProperties) = preSolution
		HideSolutionNode = FALSE
	EndGlobalSection
	GlobalSection(ExtensibilityGlobals) = postSolution
		SolutionGuid = {C8D3A641-EF91-4316-A1FC-CD055F7ED132}
	EndGlobalSection
EndGlobal
