
Microsoft Visual Studio Solution File, Format Version 12.00
# Visual Studio Version 16
VisualStudioVersion = 16.0.30804.86
MinimumVisualStudioVersion = 10.0.40219.1
Project("{FAE04EC0-301F-11D3-BF4B-00C04F79EFBC}") = "MemoryCache", "MemoryCache.csproj", "{37FD5352-0DF4-4155-8C1E-D361A1E70F53}"
EndProject
Global
	GlobalSection(SolutionConfigurationPlatforms) = preSolution
		Debug|Any CPU = Debug|Any CPU
		Release|Any CPU = Release|Any CPU
	EndGlobalSection
	GlobalSection(ProjectConfigurationPlatforms) = postSolution
		{37FD5352-0DF4-4155-8C1E-D361A1E70F53}.Debug|Any CPU.ActiveCfg = Debug|Any CPU
		{37FD5352-0DF4-4155-8C1E-D361A1E70F53}.Debug|Any CPU.Build.0 = Debug|Any CPU
		{37FD5352-0DF4-4155-8C1E-D361A1E70F53}.Release|Any CPU.ActiveCfg = Release|Any CPU
		{37FD5352-0DF4-4155-8C1E-D361A1E70F53}.Release|Any CPU.Build.0 = Release|Any CPU
	EndGlobalSection
	GlobalSection(SolutionProperties) = preSolution
		HideSolutionNode = FALSE
	EndGlobalSection
	GlobalSection(ExtensibilityGlobals) = postSolution
		SolutionGuid = {3D393493-9BD4-43C7-B6A2-8D08BFC4D5A2}
	EndGlobalSection
EndGlobal
